// !$*UTF8*$!
{
	archiveVersion = 1;
	classes = {
	};
	objectVersion = 55;
	objects = {

/* Begin PBXBuildFile section */
		C6119003274913C400A3DE8B /* AppDelegate.swift in Sources */ = {isa = PBXBuildFile; fileRef = C6119002274913C400A3DE8B /* AppDelegate.swift */; };
		C6119005274913C400A3DE8B /* SceneDelegate.swift in Sources */ = {isa = PBXBuildFile; fileRef = C6119004274913C400A3DE8B /* SceneDelegate.swift */; };
		C6119007274913C400A3DE8B /* ViewController.swift in Sources */ = {isa = PBXBuildFile; fileRef = C6119006274913C400A3DE8B /* ViewController.swift */; };
		C611900A274913C400A3DE8B /* Main.storyboard in Resources */ = {isa = PBXBuildFile; fileRef = C6119008274913C400A3DE8B /* Main.storyboard */; };
		C611900C274913C700A3DE8B /* Assets.xcassets in Resources */ = {isa = PBXBuildFile; fileRef = C611900B274913C700A3DE8B /* Assets.xcassets */; };
		C611900F274913C700A3DE8B /* LaunchScreen.storyboard in Resources */ = {isa = PBXBuildFile; fileRef = C611900D274913C700A3DE8B /* LaunchScreen.storyboard */; };
		C611901A2749258F00A3DE8B /* RequestSetting.swift in Sources */ = {isa = PBXBuildFile; fileRef = C61190192749258F00A3DE8B /* RequestSetting.swift */; };
		C611901D2749270B00A3DE8B /* OfferModel.swift in Sources */ = {isa = PBXBuildFile; fileRef = C611901C2749270B00A3DE8B /* OfferModel.swift */; };
		C611901F274927BB00A3DE8B /* ListOfferModel.swift in Sources */ = {isa = PBXBuildFile; fileRef = C611901E274927BB00A3DE8B /* ListOfferModel.swift */; };
		C61190212749280900A3DE8B /* MainOfferModel.swift in Sources */ = {isa = PBXBuildFile; fileRef = C61190202749280900A3DE8B /* MainOfferModel.swift */; };
		C61190232749395E00A3DE8B /* CityModel.swift in Sources */ = {isa = PBXBuildFile; fileRef = C61190222749395E00A3DE8B /* CityModel.swift */; };
		C611902527493AC200A3DE8B /* MainView.swift in Sources */ = {isa = PBXBuildFile; fileRef = C611902427493AC200A3DE8B /* MainView.swift */; };
		C611902D274ADB4300A3DE8B /* CustomTableViewCell.swift in Sources */ = {isa = PBXBuildFile; fileRef = C611902B274ADB4300A3DE8B /* CustomTableViewCell.swift */; };
		C611902E274ADB4300A3DE8B /* CustomTableViewCell.xib in Resources */ = {isa = PBXBuildFile; fileRef = C611902C274ADB4300A3DE8B /* CustomTableViewCell.xib */; };
/* End PBXBuildFile section */

/* Begin PBXFileReference section */
		C6118FFF274913C400A3DE8B /* WeatherApp.app */ = {isa = PBXFileReference; explicitFileType = wrapper.application; includeInIndex = 0; path = WeatherApp.app; sourceTree = BUILT_PRODUCTS_DIR; };
		C6119002274913C400A3DE8B /* AppDelegate.swift */ = {isa = PBXFileReference; lastKnownFileType = sourcecode.swift; path = AppDelegate.swift; sourceTree = "<group>"; };
		C6119004274913C400A3DE8B /* SceneDelegate.swift */ = {isa = PBXFileReference; lastKnownFileType = sourcecode.swift; path = SceneDelegate.swift; sourceTree = "<group>"; };
		C6119006274913C400A3DE8B /* ViewController.swift */ = {isa = PBXFileReference; lastKnownFileType = sourcecode.swift; path = ViewController.swift; sourceTree = "<group>"; };
		C6119009274913C400A3DE8B /* Base */ = {isa = PBXFileReference; lastKnownFileType = file.storyboard; name = Base; path = Base.lproj/Main.storyboard; sourceTree = "<group>"; };
		C611900B274913C700A3DE8B /* Assets.xcassets */ = {isa = PBXFileReference; lastKnownFileType = folder.assetcatalog; path = Assets.xcassets; sourceTree = "<group>"; };
		C611900E274913C700A3DE8B /* Base */ = {isa = PBXFileReference; lastKnownFileType = file.storyboard; name = Base; path = Base.lproj/LaunchScreen.storyboard; sourceTree = "<group>"; };
		C6119010274913C700A3DE8B /* Info.plist */ = {isa = PBXFileReference; lastKnownFileType = text.plist.xml; path = Info.plist; sourceTree = "<group>"; };
		C61190192749258F00A3DE8B /* RequestSetting.swift */ = {isa = PBXFileReference; lastKnownFileType = sourcecode.swift; path = RequestSetting.swift; sourceTree = "<group>"; };
		C611901C2749270B00A3DE8B /* OfferModel.swift */ = {isa = PBXFileReference; lastKnownFileType = sourcecode.swift; path = OfferModel.swift; sourceTree = "<group>"; };
		C611901E274927BB00A3DE8B /* ListOfferModel.swift */ = {isa = PBXFileReference; lastKnownFileType = sourcecode.swift; path = ListOfferModel.swift; sourceTree = "<group>"; };
		C61190202749280900A3DE8B /* MainOfferModel.swift */ = {isa = PBXFileReference; lastKnownFileType = sourcecode.swift; path = MainOfferModel.swift; sourceTree = "<group>"; };
		C61190222749395E00A3DE8B /* CityModel.swift */ = {isa = PBXFileReference; lastKnownFileType = sourcecode.swift; path = CityModel.swift; sourceTree = "<group>"; };
		C611902427493AC200A3DE8B /* MainView.swift */ = {isa = PBXFileReference; lastKnownFileType = sourcecode.swift; path = MainView.swift; sourceTree = "<group>"; };
		C611902B274ADB4300A3DE8B /* CustomTableViewCell.swift */ = {isa = PBXFileReference; lastKnownFileType = sourcecode.swift; path = CustomTableViewCell.swift; sourceTree = "<group>"; };
		C611902C274ADB4300A3DE8B /* CustomTableViewCell.xib */ = {isa = PBXFileReference; lastKnownFileType = file.xib; path = CustomTableViewCell.xib; sourceTree = "<group>"; };
/* End PBXFileReference section */

/* Begin PBXFrameworksBuildPhase section */
		C6118FFC274913C400A3DE8B /* Frameworks */ = {
			isa = PBXFrameworksBuildPhase;
			buildActionMask = 2147483647;
			files = (
			);
			runOnlyForDeploymentPostprocessing = 0;
		};
/* End PBXFrameworksBuildPhase section */

/* Begin PBXGroup section */
		C6118FF6274913C400A3DE8B = {
			isa = PBXGroup;
			children = (
				C6119001274913C400A3DE8B /* WeatherApp */,
				C6119000274913C400A3DE8B /* Products */,
			);
			sourceTree = "<group>";
		};
		C6119000274913C400A3DE8B /* Products */ = {
			isa = PBXGroup;
			children = (
				C6118FFF274913C400A3DE8B /* WeatherApp.app */,
			);
			name = Products;
			sourceTree = "<group>";
		};
		C6119001274913C400A3DE8B /* WeatherApp */ = {
			isa = PBXGroup;
			children = (
				C6119026274AD80700A3DE8B /* UITableViewCell */,
				C611901B274926C700A3DE8B /* OfferModel */,
				C61190162749254F00A3DE8B /* RequestSetting */,
				C6119002274913C400A3DE8B /* AppDelegate.swift */,
				C6119004274913C400A3DE8B /* SceneDelegate.swift */,
				C6119006274913C400A3DE8B /* ViewController.swift */,
				C611902427493AC200A3DE8B /* MainView.swift */,
				C6119008274913C400A3DE8B /* Main.storyboard */,
				C611900B274913C700A3DE8B /* Assets.xcassets */,
				C611900D274913C700A3DE8B /* LaunchScreen.storyboard */,
				C6119010274913C700A3DE8B /* Info.plist */,
			);
			path = WeatherApp;
			sourceTree = "<group>";
		};
		C61190162749254F00A3DE8B /* RequestSetting */ = {
			isa = PBXGroup;
			children = (
				C61190192749258F00A3DE8B /* RequestSetting.swift */,
			);
			path = RequestSetting;
			sourceTree = "<group>";
		};
		C611901B274926C700A3DE8B /* OfferModel */ = {
			isa = PBXGroup;
			children = (
				C611901C2749270B00A3DE8B /* OfferModel.swift */,
				C611901E274927BB00A3DE8B /* ListOfferModel.swift */,
				C61190202749280900A3DE8B /* MainOfferModel.swift */,
				C61190222749395E00A3DE8B /* CityModel.swift */,
			);
			path = OfferModel;
			sourceTree = "<group>";
		};
		C6119026274AD80700A3DE8B /* UITableViewCell */ = {
			isa = PBXGroup;
			children = (
				C611902B274ADB4300A3DE8B /* CustomTableViewCell.swift */,
				C611902C274ADB4300A3DE8B /* CustomTableViewCell.xib */,
			);
			path = UITableViewCell;
			sourceTree = "<group>";
		};
/* End PBXGroup section */

/* Begin PBXNativeTarget section */
		C6118FFE274913C400A3DE8B /* WeatherApp */ = {
			isa = PBXNativeTarget;
			buildConfigurationList = C6119013274913C700A3DE8B /* Build configuration list for PBXNativeTarget "WeatherApp" */;
			buildPhases = (
				C6118FFB274913C400A3DE8B /* Sources */,
				C6118FFC274913C400A3DE8B /* Frameworks */,
				C6118FFD274913C400A3DE8B /* Resources */,
			);
			buildRules = (
			);
			dependencies = (
			);
			name = WeatherApp;
			productName = WeatherApp;
			productReference = C6118FFF274913C400A3DE8B /* WeatherApp.app */;
			productType = "com.apple.product-type.application";
		};
/* End PBXNativeTarget section */

/* Begin PBXProject section */
		C6118FF7274913C400A3DE8B /* Project object */ = {
			isa = PBXProject;
			attributes = {
				BuildIndependentTargetsInParallel = 1;
				LastSwiftUpdateCheck = 1310;
				LastUpgradeCheck = 1310;
				TargetAttributes = {
					C6118FFE274913C400A3DE8B = {
						CreatedOnToolsVersion = 13.1;
					};
				};
			};
			buildConfigurationList = C6118FFA274913C400A3DE8B /* Build configuration list for PBXProject "WeatherApp" */;
			compatibilityVersion = "Xcode 13.0";
			developmentRegion = en;
			hasScannedForEncodings = 0;
			knownRegions = (
				en,
				Base,
			);
			mainGroup = C6118FF6274913C400A3DE8B;
			productRefGroup = C6119000274913C400A3DE8B /* Products */;
			projectDirPath = "";
			projectRoot = "";
			targets = (
				C6118FFE274913C400A3DE8B /* WeatherApp */,
			);
		};
/* End PBXProject section */

/* Begin PBXResourcesBuildPhase section */
		C6118FFD274913C400A3DE8B /* Resources */ = {
			isa = PBXResourcesBuildPhase;
			buildActionMask = 2147483647;
			files = (
				C611900F274913C700A3DE8B /* LaunchScreen.storyboard in Resources */,
				C611900C274913C700A3DE8B /* Assets.xcassets in Resources */,
				C611902E274ADB4300A3DE8B /* CustomTableViewCell.xib in Resources */,
				C611900A274913C400A3DE8B /* Main.storyboard in Resources */,
			);
			runOnlyForDeploymentPostprocessing = 0;
		};
/* End PBXResourcesBuildPhase section */

/* Begin PBXSourcesBuildPhase section */
		C6118FFB274913C400A3DE8B /* Sources */ = {
			isa = PBXSourcesBuildPhase;
			buildActionMask = 2147483647;
			files = (
				C611901F274927BB00A3DE8B /* ListOfferModel.swift in Sources */,
				C611902527493AC200A3DE8B /* MainView.swift in Sources */,
				C611901A2749258F00A3DE8B /* RequestSetting.swift in Sources */,
				C6119007274913C400A3DE8B /* ViewController.swift in Sources */,
				C611901D2749270B00A3DE8B /* OfferModel.swift in Sources */,
				C61190232749395E00A3DE8B /* CityModel.swift in Sources */,
				C611902D274ADB4300A3DE8B /* CustomTableViewCell.swift in Sources */,
				C6119003274913C400A3DE8B /* AppDelegate.swift in Sources */,
				C61190212749280900A3DE8B /* MainOfferModel.swift in Sources */,
				C6119005274913C400A3DE8B /* SceneDelegate.swift in Sources */,
			);
			runOnlyForDeploymentPostprocessing = 0;
		};
/* End PBXSourcesBuildPhase section */

/* Begin PBXVariantGroup section */
		C6119008274913C400A3DE8B /* Main.storyboard */ = {
			isa = PBXVariantGroup;
			children = (
				C6119009274913C400A3DE8B /* Base */,
			);
			name = Main.storyboard;
			sourceTree = "<group>";
		};
		C611900D274913C700A3DE8B /* LaunchScreen.storyboard */ = {
			isa = PBXVariantGroup;
			children = (
				C611900E274913C700A3DE8B /* Base */,
			);
			name = LaunchScreen.storyboard;
			sourceTree = "<group>";
		};
/* End PBXVariantGroup section */

/* Begin XCBuildConfiguration section */
		C6119011274913C700A3DE8B /* Debug */ = {
			isa = XCBuildConfiguration;
			buildSettings = {
				ALWAYS_SEARCH_USER_PATHS = NO;
				CLANG_ANALYZER_NONNULL = YES;
				CLANG_ANALYZER_NUMBER_OBJECT_CONVERSION = YES_AGGRESSIVE;
				CLANG_CXX_LANGUAGE_STANDARD = "gnu++17";
				CLANG_CXX_LIBRARY = "libc++";
				CLANG_ENABLE_MODULES = YES;
				CLANG_ENABLE_OBJC_ARC = YES;
				CLANG_ENABLE_OBJC_WEAK = YES;
				CLANG_WARN_BLOCK_CAPTURE_AUTORELEASING = YES;
				CLANG_WARN_BOOL_CONVERSION = YES;
				CLANG_WARN_COMMA = YES;
				CLANG_WARN_CONSTANT_CONVERSION = YES;
				CLANG_WARN_DEPRECATED_OBJC_IMPLEMENTATIONS = YES;
				CLANG_WARN_DIRECT_OBJC_ISA_USAGE = YES_ERROR;
				CLANG_WARN_DOCUMENTATION_COMMENTS = YES;
				CLANG_WARN_EMPTY_BODY = YES;
				CLANG_WARN_ENUM_CONVERSION = YES;
				CLANG_WARN_INFINITE_RECURSION = YES;
				CLANG_WARN_INT_CONVERSION = YES;
				CLANG_WARN_NON_LITERAL_NULL_CONVERSION = YES;
				CLANG_WARN_OBJC_IMPLICIT_RETAIN_SELF = YES;
				CLANG_WARN_OBJC_LITERAL_CONVERSION = YES;
				CLANG_WARN_OBJC_ROOT_CLASS = YES_ERROR;
				CLANG_WARN_QUOTED_INCLUDE_IN_FRAMEWORK_HEADER = YES;
				CLANG_WARN_RANGE_LOOP_ANALYSIS = YES;
				CLANG_WARN_STRICT_PROTOTYPES = YES;
				CLANG_WARN_SUSPICIOUS_MOVE = YES;
				CLANG_WARN_UNGUARDED_AVAILABILITY = YES_AGGRESSIVE;
				CLANG_WARN_UNREACHABLE_CODE = YES;
				CLANG_WARN__DUPLICATE_METHOD_MATCH = YES;
				COPY_PHASE_STRIP = NO;
				DEBUG_INFORMATION_FORMAT = dwarf;
				ENABLE_STRICT_OBJC_MSGSEND = YES;
				ENABLE_TESTABILITY = YES;
				GCC_C_LANGUAGE_STANDARD = gnu11;
				GCC_DYNAMIC_NO_PIC = NO;
				GCC_NO_COMMON_BLOCKS = YES;
				GCC_OPTIMIZATION_LEVEL = 0;
				GCC_PREPROCESSOR_DEFINITIONS = (
					"DEBUG=1",
					"$(inherited)",
				);
				GCC_WARN_64_TO_32_BIT_CONVERSION = YES;
				GCC_WARN_ABOUT_RETURN_TYPE = YES_ERROR;
				GCC_WARN_UNDECLARED_SELECTOR = YES;
				GCC_WARN_UNINITIALIZED_AUTOS = YES_AGGRESSIVE;
				GCC_WARN_UNUSED_FUNCTION = YES;
				GCC_WARN_UNUSED_VARIABLE = YES;
				IPHONEOS_DEPLOYMENT_TARGET = 15.0;
				MTL_ENABLE_DEBUG_INFO = INCLUDE_SOURCE;
				MTL_FAST_MATH = YES;
				ONLY_ACTIVE_ARCH = YES;
				SDKROOT = iphoneos;
				SWIFT_ACTIVE_COMPILATION_CONDITIONS = DEBUG;
				SWIFT_OPTIMIZATION_LEVEL = "-Onone";
			};
			name = Debug;
		};
		C6119012274913C700A3DE8B /* Release */ = {
			isa = XCBuildConfiguration;
			buildSettings = {
				ALWAYS_SEARCH_USER_PATHS = NO;
				CLANG_ANALYZER_NONNULL = YES;
				CLANG_ANALYZER_NUMBER_OBJECT_CONVERSION = YES_AGGRESSIVE;
				CLANG_CXX_LANGUAGE_STANDARD = "gnu++17";
				CLANG_CXX_LIBRARY = "libc++";
				CLANG_ENABLE_MODULES = YES;
				CLANG_ENABLE_OBJC_ARC = YES;
				CLANG_ENABLE_OBJC_WEAK = YES;
				CLANG_WARN_BLOCK_CAPTURE_AUTORELEASING = YES;
				CLANG_WARN_BOOL_CONVERSION = YES;
				CLANG_WARN_COMMA = YES;
				CLANG_WARN_CONSTANT_CONVERSION = YES;
				CLANG_WARN_DEPRECATED_OBJC_IMPLEMENTATIONS = YES;
				CLANG_WARN_DIRECT_OBJC_ISA_USAGE = YES_ERROR;
				CLANG_WARN_DOCUMENTATION_COMMENTS = YES;
				CLANG_WARN_EMPTY_BODY = YES;
				CLANG_WARN_ENUM_CONVERSION = YES;
				CLANG_WARN_INFINITE_RECURSION = YES;
				CLANG_WARN_INT_CONVERSION = YES;
				CLANG_WARN_NON_LITERAL_NULL_CONVERSION = YES;
				CLANG_WARN_OBJC_IMPLICIT_RETAIN_SELF = YES;
				CLANG_WARN_OBJC_LITERAL_CONVERSION = YES;
				CLANG_WARN_OBJC_ROOT_CLASS = YES_ERROR;
				CLANG_WARN_QUOTED_INCLUDE_IN_FRAMEWORK_HEADER = YES;
				CLANG_WARN_RANGE_LOOP_ANALYSIS = YES;
				CLANG_WARN_STRICT_PROTOTYPES = YES;
				CLANG_WARN_SUSPICIOUS_MOVE = YES;
				CLANG_WARN_UNGUARDED_AVAILABILITY = YES_AGGRESSIVE;
				CLANG_WARN_UNREACHABLE_CODE = YES;
				CLANG_WARN__DUPLICATE_METHOD_MATCH = YES;
				COPY_PHASE_STRIP = NO;
				DEBUG_INFORMATION_FORMAT = "dwarf-with-dsym";
				ENABLE_NS_ASSERTIONS = NO;
				ENABLE_STRICT_OBJC_MSGSEND = YES;
				GCC_C_LANGUAGE_STANDARD = gnu11;
				GCC_NO_COMMON_BLOCKS = YES;
				GCC_WARN_64_TO_32_BIT_CONVERSION = YES;
				GCC_WARN_ABOUT_RETURN_TYPE = YES_ERROR;
				GCC_WARN_UNDECLARED_SELECTOR = YES;
				GCC_WARN_UNINITIALIZED_AUTOS = YES_AGGRESSIVE;
				GCC_WARN_UNUSED_FUNCTION = YES;
				GCC_WARN_UNUSED_VARIABLE = YES;
				IPHONEOS_DEPLOYMENT_TARGET = 15.0;
				MTL_ENABLE_DEBUG_INFO = NO;
				MTL_FAST_MATH = YES;
				SDKROOT = iphoneos;
				SWIFT_COMPILATION_MODE = wholemodule;
				SWIFT_OPTIMIZATION_LEVEL = "-O";
				VALIDATE_PRODUCT = YES;
			};
			name = Release;
		};
		C6119014274913C700A3DE8B /* Debug */ = {
			isa = XCBuildConfiguration;
			buildSettings = {
				ASSETCATALOG_COMPILER_APPICON_NAME = AppIcon;
				ASSETCATALOG_COMPILER_GLOBAL_ACCENT_COLOR_NAME = AccentColor;
				CODE_SIGN_STYLE = Automatic;
				CURRENT_PROJECT_VERSION = 1;
				GENERATE_INFOPLIST_FILE = YES;
				INFOPLIST_FILE = WeatherApp/Info.plist;
				INFOPLIST_KEY_UIApplicationSupportsIndirectInputEvents = YES;
				INFOPLIST_KEY_UILaunchStoryboardName = LaunchScreen;
				INFOPLIST_KEY_UIMainStoryboardFile = Main;
				INFOPLIST_KEY_UISupportedInterfaceOrientations_iPad = "UIInterfaceOrientationPortrait UIInterfaceOrientationPortraitUpsideDown UIInterfaceOrientationLandscapeLeft UIInterfaceOrientationLandscapeRight";
				INFOPLIST_KEY_UISupportedInterfaceOrientations_iPhone = "UIInterfaceOrientationPortrait UIInterfaceOrientationLandscapeLeft UIInterfaceOrientationLandscapeRight";
				LD_RUNPATH_SEARCH_PATHS = (
					"$(inherited)",
					"@executable_path/Frameworks",
				);
				MARKETING_VERSION = 1.0;
				PRODUCT_BUNDLE_IDENTIFIER = com.pazzyzy.WeatherApp;
				PRODUCT_NAME = "$(TARGET_NAME)";
				SWIFT_EMIT_LOC_STRINGS = YES;
				SWIFT_VERSION = 5.0;
				TARGETED_DEVICE_FAMILY = "1,2";
			};
			name = Debug;
		};
		C6119015274913C700A3DE8B /* Release */ = {
			isa = XCBuildConfiguration;
			buildSettings = {
				ASSETCATALOG_COMPILER_APPICON_NAME = AppIcon;
				ASSETCATALOG_COMPILER_GLOBAL_ACCENT_COLOR_NAME = AccentColor;
				CODE_SIGN_STYLE = Automatic;
				CURRENT_PROJECT_VERSION = 1;
				GENERATE_INFOPLIST_FILE = YES;
				INFOPLIST_FILE = WeatherApp/Info.plist;
				INFOPLIST_KEY_UIApplicationSupportsIndirectInputEvents = YES;
				INFOPLIST_KEY_UILaunchStoryboardName = LaunchScreen;
				INFOPLIST_KEY_UIMainStoryboardFile = Main;
				INFOPLIST_KEY_UISupportedInterfaceOrientations_iPad = "UIInterfaceOrientationPortrait UIInterfaceOrientationPortraitUpsideDown UIInterfaceOrientationLandscapeLeft UIInterfaceOrientationLandscapeRight";
				INFOPLIST_KEY_UISupportedInterfaceOrientations_iPhone = "UIInterfaceOrientationPortrait UIInterfaceOrientationLandscapeLeft UIInterfaceOrientationLandscapeRight";
				LD_RUNPATH_SEARCH_PATHS = (
					"$(inherited)",
					"@executable_path/Frameworks",
				);
				MARKETING_VERSION = 1.0;
				PRODUCT_BUNDLE_IDENTIFIER = com.pazzyzy.WeatherApp;
				PRODUCT_NAME = "$(TARGET_NAME)";
				SWIFT_EMIT_LOC_STRINGS = YES;
				SWIFT_VERSION = 5.0;
				TARGETED_DEVICE_FAMILY = "1,2";
			};
			name = Release;
		};
/* End XCBuildConfiguration section */

/* Begin XCConfigurationList section */
		C6118FFA274913C400A3DE8B /* Build configuration list for PBXProject "WeatherApp" */ = {
			isa = XCConfigurationList;
			buildConfigurations = (
				C6119011274913C700A3DE8B /* Debug */,
				C6119012274913C700A3DE8B /* Release */,
			);
			defaultConfigurationIsVisible = 0;
			defaultConfigurationName = Release;
		};
		C6119013274913C700A3DE8B /* Build configuration list for PBXNativeTarget "WeatherApp" */ = {
			isa = XCConfigurationList;
			buildConfigurations = (
				C6119014274913C700A3DE8B /* Debug */,
				C6119015274913C700A3DE8B /* Release */,
			);
			defaultConfigurationIsVisible = 0;
			defaultConfigurationName = Release;
		};
/* End XCConfigurationList section */
	};
	rootObject = C6118FF7274913C400A3DE8B /* Project object */;
}
